
Microsoft Visual Studio Solution File, Format Version 12.00
# Visual Studio 15
Project("{FAE04EC0-301F-11D3-BF4B-00C04F79EFBC}") = "UniCAVE", "UniCAVE.csproj", "{C80A87AD-7035-2397-FD92-8947118E1866}"
EndProject
Project("{FAE04EC0-301F-11D3-BF4B-00C04F79EFBC}") = "Mirror.Examples", "Mirror.Examples.csproj", "{148A55C4-E17D-64ED-63AA-BD78B9D41903}"
EndProject
Project("{FAE04EC0-301F-11D3-BF4B-00C04F79EFBC}") = "ArcGISMapsSDK", "ArcGISMapsSDK.csproj", "{5E3B11A8-FBEE-AB4F-34C1-CEABFC23EDE2}"
EndProject
Project("{FAE04EC0-301F-11D3-BF4B-00C04F79EFBC}") = "Assembly-CSharp", "Assembly-CSharp.csproj", "{0A1DE119-DA9F-9D66-DFCD-441D21A20FEE}"
EndProject
Project("{FAE04EC0-301F-11D3-BF4B-00C04F79EFBC}") = "ArcGISMapsSDK.Samples", "ArcGISMapsSDK.Samples.csproj", "{CB8915E5-B48A-3398-0696-811054C268E5}"
EndProject
Project("{FAE04EC0-301F-11D3-BF4B-00C04F79EFBC}") = "Mirror.Transports", "Mirror.Transports.csproj", "{311A261F-EB37-209E-0879-288BED97E467}"
EndProject
Project("{FAE04EC0-301F-11D3-BF4B-00C04F79EFBC}") = "Mirror", "Mirror.csproj", "{A0E04AC4-D7D4-B0B5-03F4-5A9C5F061BF6}"
EndProject
Project("{FAE04EC0-301F-11D3-BF4B-00C04F79EFBC}") = "Mirror.Components", "Mirror.Components.csproj", "{064CC0EF-7F49-CCAD-481C-C432BE510A3F}"
EndProject
Project("{FAE04EC0-301F-11D3-BF4B-00C04F79EFBC}") = "SimpleWebTransport", "SimpleWebTransport.csproj", "{C0BA67DA-F1D5-930B-68A3-7573956B0EF0}"
EndProject
Project("{FAE04EC0-301F-11D3-BF4B-00C04F79EFBC}") = "Telepathy", "Telepathy.csproj", "{0CEEE182-C095-2E7F-D7E0-240881C00E2E}"
EndProject
Project("{FAE04EC0-301F-11D3-BF4B-00C04F79EFBC}") = "kcp2k", "kcp2k.csproj", "{5DCFC812-DAA8-E7D1-87AF-50D2FF53993C}"
EndProject
Project("{FAE04EC0-301F-11D3-BF4B-00C04F79EFBC}") = "Esri.HPFramework", "Esri.HPFramework.csproj", "{37046E95-1E36-40F8-6315-AF868A8B2CBF}"
EndProject
Project("{FAE04EC0-301F-11D3-BF4B-00C04F79EFBC}") = "Mirror.Authenticators", "Mirror.Authenticators.csproj", "{CDB646E5-6F4A-5AF0-D3F1-E9DD905091DF}"
EndProject
Project("{FAE04EC0-301F-11D3-BF4B-00C04F79EFBC}") = "Mirror.Hosting", "Mirror.Hosting.csproj", "{B7E76516-A7F8-AB1D-78BD-DA75B8C413B6}"
EndProject
Project("{FAE04EC0-301F-11D3-BF4B-00C04F79EFBC}") = "Esri.HPFramework.Editor", "Esri.HPFramework.Editor.csproj", "{25EB442C-7921-B546-643F-050F878711B7}"
EndProject
Project("{FAE04EC0-301F-11D3-BF4B-00C04F79EFBC}") = "ArcGISMapsSDK.Editor", "ArcGISMapsSDK.Editor.csproj", "{BE2C3C28-5DE9-F7C9-4ADB-B1A13FF25306}"
EndProject
Project("{FAE04EC0-301F-11D3-BF4B-00C04F79EFBC}") = "Mirror.Editor", "Mirror.Editor.csproj", "{E4B6AF56-4334-562B-F4F4-0D1C3F5ACCFE}"
EndProject
Project("{FAE04EC0-301F-11D3-BF4B-00C04F79EFBC}") = "ArcGISMapsSDK.Samples.Editor", "ArcGISMapsSDK.Samples.Editor.csproj", "{403D96E9-F9A7-BD25-FCB7-C7887851F4BD}"
EndProject
Project("{FAE04EC0-301F-11D3-BF4B-00C04F79EFBC}") = "Unity.Mirror.CodeGen", "Unity.Mirror.CodeGen.csproj", "{8D2C35BB-3D2E-6C18-B6F3-CB3F7404BC5E}"
EndProject
Project("{FAE04EC0-301F-11D3-BF4B-00C04F79EFBC}") = "Mirror.CompilerSymbols", "Mirror.CompilerSymbols.csproj", "{00EF66D0-1CEF-C0B6-1351-05F120618A88}"
EndProject
Project("{FAE04EC0-301F-11D3-BF4B-00C04F79EFBC}") = "EncryptionTransportEditor", "EncryptionTransportEditor.csproj", "{37E6E0CE-76F4-3B7B-19AD-C776EEBC1329}"
EndProject
Global
	GlobalSection(SolutionConfigurationPlatforms) = preSolution
		Debug|Any CPU = Debug|Any CPU
		Release|Any CPU = Release|Any CPU
	EndGlobalSection
	GlobalSection(ProjectConfigurationPlatforms) = postSolution
		{C80A87AD-7035-2397-FD92-8947118E1866}.Debug|Any CPU.ActiveCfg = Debug|Any CPU
		{C80A87AD-7035-2397-FD92-8947118E1866}.Debug|Any CPU.Build.0 = Debug|Any CPU
		{C80A87AD-7035-2397-FD92-8947118E1866}.Release|Any CPU.ActiveCfg = Release|Any CPU
		{C80A87AD-7035-2397-FD92-8947118E1866}.Release|Any CPU.Build.0 = Release|Any CPU
		{148A55C4-E17D-64ED-63AA-BD78B9D41903}.Debug|Any CPU.ActiveCfg = Debug|Any CPU
		{148A55C4-E17D-64ED-63AA-BD78B9D41903}.Debug|Any CPU.Build.0 = Debug|Any CPU
		{148A55C4-E17D-64ED-63AA-BD78B9D41903}.Release|Any CPU.ActiveCfg = Release|Any CPU
		{148A55C4-E17D-64ED-63AA-BD78B9D41903}.Release|Any CPU.Build.0 = Release|Any CPU
		{5E3B11A8-FBEE-AB4F-34C1-CEABFC23EDE2}.Debug|Any CPU.ActiveCfg = Debug|Any CPU
		{5E3B11A8-FBEE-AB4F-34C1-CEABFC23EDE2}.Debug|Any CPU.Build.0 = Debug|Any CPU
		{5E3B11A8-FBEE-AB4F-34C1-CEABFC23EDE2}.Release|Any CPU.ActiveCfg = Release|Any CPU
		{5E3B11A8-FBEE-AB4F-34C1-CEABFC23EDE2}.Release|Any CPU.Build.0 = Release|Any CPU
		{0A1DE119-DA9F-9D66-DFCD-441D21A20FEE}.Debug|Any CPU.ActiveCfg = Debug|Any CPU
		{0A1DE119-DA9F-9D66-DFCD-441D21A20FEE}.Debug|Any CPU.Build.0 = Debug|Any CPU
		{0A1DE119-DA9F-9D66-DFCD-441D21A20FEE}.Release|Any CPU.ActiveCfg = Release|Any CPU
		{0A1DE119-DA9F-9D66-DFCD-441D21A20FEE}.Release|Any CPU.Build.0 = Release|Any CPU
		{CB8915E5-B48A-3398-0696-811054C268E5}.Debug|Any CPU.ActiveCfg = Debug|Any CPU
		{CB8915E5-B48A-3398-0696-811054C268E5}.Debug|Any CPU.Build.0 = Debug|Any CPU
		{CB8915E5-B48A-3398-0696-811054C268E5}.Release|Any CPU.ActiveCfg = Release|Any CPU
		{CB8915E5-B48A-3398-0696-811054C268E5}.Release|Any CPU.Build.0 = Release|Any CPU
		{311A261F-EB37-209E-0879-288BED97E467}.Debug|Any CPU.ActiveCfg = Debug|Any CPU
		{311A261F-EB37-209E-0879-288BED97E467}.Debug|Any CPU.Build.0 = Debug|Any CPU
		{311A261F-EB37-209E-0879-288BED97E467}.Release|Any CPU.ActiveCfg = Release|Any CPU
		{311A261F-EB37-209E-0879-288BED97E467}.Release|Any CPU.Build.0 = Release|Any CPU
		{A0E04AC4-D7D4-B0B5-03F4-5A9C5F061BF6}.Debug|Any CPU.ActiveCfg = Debug|Any CPU
		{A0E04AC4-D7D4-B0B5-03F4-5A9C5F061BF6}.Debug|Any CPU.Build.0 = Debug|Any CPU
		{A0E04AC4-D7D4-B0B5-03F4-5A9C5F061BF6}.Release|Any CPU.ActiveCfg = Release|Any CPU
		{A0E04AC4-D7D4-B0B5-03F4-5A9C5F061BF6}.Release|Any CPU.Build.0 = Release|Any CPU
		{064CC0EF-7F49-CCAD-481C-C432BE510A3F}.Debug|Any CPU.ActiveCfg = Debug|Any CPU
		{064CC0EF-7F49-CCAD-481C-C432BE510A3F}.Debug|Any CPU.Build.0 = Debug|Any CPU
		{064CC0EF-7F49-CCAD-481C-C432BE510A3F}.Release|Any CPU.ActiveCfg = Release|Any CPU
		{064CC0EF-7F49-CCAD-481C-C432BE510A3F}.Release|Any CPU.Build.0 = Release|Any CPU
		{C0BA67DA-F1D5-930B-68A3-7573956B0EF0}.Debug|Any CPU.ActiveCfg = Debug|Any CPU
		{C0BA67DA-F1D5-930B-68A3-7573956B0EF0}.Debug|Any CPU.Build.0 = Debug|Any CPU
		{C0BA67DA-F1D5-930B-68A3-7573956B0EF0}.Release|Any CPU.ActiveCfg = Release|Any CPU
		{C0BA67DA-F1D5-930B-68A3-7573956B0EF0}.Release|Any CPU.Build.0 = Release|Any CPU
		{0CEEE182-C095-2E7F-D7E0-240881C00E2E}.Debug|Any CPU.ActiveCfg = Debug|Any CPU
		{0CEEE182-C095-2E7F-D7E0-240881C00E2E}.Debug|Any CPU.Build.0 = Debug|Any CPU
		{0CEEE182-C095-2E7F-D7E0-240881C00E2E}.Release|Any CPU.ActiveCfg = Release|Any CPU
		{0CEEE182-C095-2E7F-D7E0-240881C00E2E}.Release|Any CPU.Build.0 = Release|Any CPU
		{5DCFC812-DAA8-E7D1-87AF-50D2FF53993C}.Debug|Any CPU.ActiveCfg = Debug|Any CPU
		{5DCFC812-DAA8-E7D1-87AF-50D2FF53993C}.Debug|Any CPU.Build.0 = Debug|Any CPU
		{5DCFC812-DAA8-E7D1-87AF-50D2FF53993C}.Release|Any CPU.ActiveCfg = Release|Any CPU
		{5DCFC812-DAA8-E7D1-87AF-50D2FF53993C}.Release|Any CPU.Build.0 = Release|Any CPU
		{37046E95-1E36-40F8-6315-AF868A8B2CBF}.Debug|Any CPU.ActiveCfg = Debug|Any CPU
		{37046E95-1E36-40F8-6315-AF868A8B2CBF}.Debug|Any CPU.Build.0 = Debug|Any CPU
		{37046E95-1E36-40F8-6315-AF868A8B2CBF}.Release|Any CPU.ActiveCfg = Release|Any CPU
		{37046E95-1E36-40F8-6315-AF868A8B2CBF}.Release|Any CPU.Build.0 = Release|Any CPU
		{CDB646E5-6F4A-5AF0-D3F1-E9DD905091DF}.Debug|Any CPU.ActiveCfg = Debug|Any CPU
		{CDB646E5-6F4A-5AF0-D3F1-E9DD905091DF}.Debug|Any CPU.Build.0 = Debug|Any CPU
		{CDB646E5-6F4A-5AF0-D3F1-E9DD905091DF}.Release|Any CPU.ActiveCfg = Release|Any CPU
		{CDB646E5-6F4A-5AF0-D3F1-E9DD905091DF}.Release|Any CPU.Build.0 = Release|Any CPU
		{B7E76516-A7F8-AB1D-78BD-DA75B8C413B6}.Debug|Any CPU.ActiveCfg = Debug|Any CPU
		{B7E76516-A7F8-AB1D-78BD-DA75B8C413B6}.Debug|Any CPU.Build.0 = Debug|Any CPU
		{B7E76516-A7F8-AB1D-78BD-DA75B8C413B6}.Release|Any CPU.ActiveCfg = Release|Any CPU
		{B7E76516-A7F8-AB1D-78BD-DA75B8C413B6}.Release|Any CPU.Build.0 = Release|Any CPU
		{25EB442C-7921-B546-643F-050F878711B7}.Debug|Any CPU.ActiveCfg = Debug|Any CPU
		{25EB442C-7921-B546-643F-050F878711B7}.Debug|Any CPU.Build.0 = Debug|Any CPU
		{25EB442C-7921-B546-643F-050F878711B7}.Release|Any CPU.ActiveCfg = Release|Any CPU
		{25EB442C-7921-B546-643F-050F878711B7}.Release|Any CPU.Build.0 = Release|Any CPU
		{BE2C3C28-5DE9-F7C9-4ADB-B1A13FF25306}.Debug|Any CPU.ActiveCfg = Debug|Any CPU
		{BE2C3C28-5DE9-F7C9-4ADB-B1A13FF25306}.Debug|Any CPU.Build.0 = Debug|Any CPU
		{BE2C3C28-5DE9-F7C9-4ADB-B1A13FF25306}.Release|Any CPU.ActiveCfg = Release|Any CPU
		{BE2C3C28-5DE9-F7C9-4ADB-B1A13FF25306}.Release|Any CPU.Build.0 = Release|Any CPU
		{E4B6AF56-4334-562B-F4F4-0D1C3F5ACCFE}.Debug|Any CPU.ActiveCfg = Debug|Any CPU
		{E4B6AF56-4334-562B-F4F4-0D1C3F5ACCFE}.Debug|Any CPU.Build.0 = Debug|Any CPU
		{E4B6AF56-4334-562B-F4F4-0D1C3F5ACCFE}.Release|Any CPU.ActiveCfg = Release|Any CPU
		{E4B6AF56-4334-562B-F4F4-0D1C3F5ACCFE}.Release|Any CPU.Build.0 = Release|Any CPU
		{403D96E9-F9A7-BD25-FCB7-C7887851F4BD}.Debug|Any CPU.ActiveCfg = Debug|Any CPU
		{403D96E9-F9A7-BD25-FCB7-C7887851F4BD}.Debug|Any CPU.Build.0 = Debug|Any CPU
		{403D96E9-F9A7-BD25-FCB7-C7887851F4BD}.Release|Any CPU.ActiveCfg = Release|Any CPU
		{403D96E9-F9A7-BD25-FCB7-C7887851F4BD}.Release|Any CPU.Build.0 = Release|Any CPU
		{8D2C35BB-3D2E-6C18-B6F3-CB3F7404BC5E}.Debug|Any CPU.ActiveCfg = Debug|Any CPU
		{8D2C35BB-3D2E-6C18-B6F3-CB3F7404BC5E}.Debug|Any CPU.Build.0 = Debug|Any CPU
		{8D2C35BB-3D2E-6C18-B6F3-CB3F7404BC5E}.Release|Any CPU.ActiveCfg = Release|Any CPU
		{8D2C35BB-3D2E-6C18-B6F3-CB3F7404BC5E}.Release|Any CPU.Build.0 = Release|Any CPU
		{00EF66D0-1CEF-C0B6-1351-05F120618A88}.Debug|Any CPU.ActiveCfg = Debug|Any CPU
		{00EF66D0-1CEF-C0B6-1351-05F120618A88}.Debug|Any CPU.Build.0 = Debug|Any CPU
		{00EF66D0-1CEF-C0B6-1351-05F120618A88}.Release|Any CPU.ActiveCfg = Release|Any CPU
		{00EF66D0-1CEF-C0B6-1351-05F120618A88}.Release|Any CPU.Build.0 = Release|Any CPU
		{37E6E0CE-76F4-3B7B-19AD-C776EEBC1329}.Debug|Any CPU.ActiveCfg = Debug|Any CPU
		{37E6E0CE-76F4-3B7B-19AD-C776EEBC1329}.Debug|Any CPU.Build.0 = Debug|Any CPU
		{37E6E0CE-76F4-3B7B-19AD-C776EEBC1329}.Release|Any CPU.ActiveCfg = Release|Any CPU
		{37E6E0CE-76F4-3B7B-19AD-C776EEBC1329}.Release|Any CPU.Build.0 = Release|Any CPU
	EndGlobalSection
	GlobalSection(SolutionProperties) = preSolution
		HideSolutionNode = FALSE
	EndGlobalSection
EndGlobal
